
Microsoft Visual Studio Solution File, Format Version 12.00
# Visual Studio Version 16
VisualStudioVersion = 16.0.31105.61
MinimumVisualStudioVersion = 10.0.40219.1
Project("{FAE04EC0-301F-11D3-BF4B-00C04F79EFBC}") = "OctCommonCodeSystemWeb", "OctCommonCodeSystemWeb\OctCommonCodeSystemWeb.csproj", "{799C15F3-F66C-43BB-9486-08C02700CF1E}"
EndProject
Global
	GlobalSection(SolutionConfigurationPlatforms) = preSolution
		Debug|Any CPU = Debug|Any CPU
		Release|Any CPU = Release|Any CPU
	EndGlobalSection
	GlobalSection(ProjectConfigurationPlatforms) = postSolution
		{799C15F3-F66C-43BB-9486-08C02700CF1E}.Debug|Any CPU.ActiveCfg = Debug|Any CPU
		{799C15F3-F66C-43BB-9486-08C02700CF1E}.Debug|Any CPU.Build.0 = Debug|Any CPU
		{799C15F3-F66C-43BB-9486-08C02700CF1E}.Release|Any CPU.ActiveCfg = Release|Any CPU
		{799C15F3-F66C-43BB-9486-08C02700CF1E}.Release|Any CPU.Build.0 = Release|Any CPU
	EndGlobalSection
	GlobalSection(SolutionProperties) = preSolution
		HideSolutionNode = FALSE
	EndGlobalSection
	GlobalSection(ExtensibilityGlobals) = postSolution
		SolutionGuid = {6827E421-7927-46D7-94DD-60D18DE9F342}
	EndGlobalSection
EndGlobal
